// !$*UTF8*$!
{
	archiveVersion = 1;
	classes = {
	};
	objectVersion = 48;
	objects = {

/* Begin PBXBuildFile section */
		BF7AFFD21F8373D3000AA179 /* Icon-144.png in Resources */ = {isa = PBXBuildFile; fileRef = BF7AFFB41F837392000AA179 /* Icon-144.png */; };
		BF7AFFD31F8373D3000AA179 /* Icon-57.png in Resources */ = {isa = PBXBuildFile; fileRef = BF7AFFB51F837394000AA179 /* Icon-57.png */; };
		BF7AFFD41F8373D3000AA179 /* Icon-1024.png in Resources */ = {isa = PBXBuildFile; fileRef = BF7AFFB61F837396000AA179 /* Icon-1024.png */; };
		BF7AFFD51F8373D3000AA179 /* Icon-20.png in Resources */ = {isa = PBXBuildFile; fileRef = BF7AFFB71F837398000AA179 /* Icon-20.png */; };
		BF7AFFD61F8373D3000AA179 /* Icon-80.png in Resources */ = {isa = PBXBuildFile; fileRef = BF7AFFB81F83739A000AA179 /* Icon-80.png */; };
		BF7AFFD71F8373D3000AA179 /* Icon-256.png in Resources */ = {isa = PBXBuildFile; fileRef = BF7AFFB91F83739C000AA179 /* Icon-256.png */; };
		BF7AFFD81F8373D3000AA179 /* Icon-152.png in Resources */ = {isa = PBXBuildFile; fileRef = BF7AFFBA1F83739E000AA179 /* Icon-152.png */; };
		BF7AFFD91F8373D3000AA179 /* Icon-87.png in Resources */ = {isa = PBXBuildFile; fileRef = BF7AFFBB1F8373A1000AA179 /* Icon-87.png */; };
		BF7AFFDA1F8373D3000AA179 /* Icon-100.png in Resources */ = {isa = PBXBuildFile; fileRef = BF7AFFBC1F8373A3000AA179 /* Icon-100.png */; };
		BF7AFFDB1F8373D3000AA179 /* Icon-120.png in Resources */ = {isa = PBXBuildFile; fileRef = BF7AFFBD1F8373A5000AA179 /* Icon-120.png */; };
		BF7AFFDC1F8373D3000AA179 /* Icon-58.png in Resources */ = {isa = PBXBuildFile; fileRef = BF7AFFBE1F8373A7000AA179 /* Icon-58.png */; };
		BF7AFFDD1F8373D3000AA179 /* Icon-48.png in Resources */ = {isa = PBXBuildFile; fileRef = BF7AFFBF1F8373A9000AA179 /* Icon-48.png */; };
		BF7AFFDE1F8373D3000AA179 /* Icon-64.png in Resources */ = {isa = PBXBuildFile; fileRef = BF7AFFC01F8373AB000AA179 /* Icon-64.png */; };
		BF7AFFDF1F8373D3000AA179 /* Icon-32.png in Resources */ = {isa = PBXBuildFile; fileRef = BF7AFFC11F8373AE000AA179 /* Icon-32.png */; };
		BF7AFFE01F8373D3000AA179 /* Icon-60.png in Resources */ = {isa = PBXBuildFile; fileRef = BF7AFFC21F8373B0000AA179 /* Icon-60.png */; };
		BF7AFFE11F8373D3000AA179 /* Icon-72.png in Resources */ = {isa = PBXBuildFile; fileRef = BF7AFFC31F8373B2000AA179 /* Icon-72.png */; };
		BF7AFFE21F8373D3000AA179 /* Icon-76.png in Resources */ = {isa = PBXBuildFile; fileRef = BF7AFFC41F8373B4000AA179 /* Icon-76.png */; };
		BF7AFFE31F8373D3000AA179 /* Icon-50.png in Resources */ = {isa = PBXBuildFile; fileRef = BF7AFFC51F8373B6000AA179 /* Icon-50.png */; };
		BF7AFFE41F8373D3000AA179 /* Icon-55.png in Resources */ = {isa = PBXBuildFile; fileRef = BF7AFFC61F8373B8000AA179 /* Icon-55.png */; };
		BF7AFFE51F8373D3000AA179 /* Icon-16.png in Resources */ = {isa = PBXBuildFile; fileRef = BF7AFFC71F8373BA000AA179 /* Icon-16.png */; };
		BF7AFFE61F8373D3000AA179 /* Icon-114.png in Resources */ = {isa = PBXBuildFile; fileRef = BF7AFFC81F8373BC000AA179 /* Icon-114.png */; };
		BF7AFFE71F8373D3000AA179 /* Icon-180.png in Resources */ = {isa = PBXBuildFile; fileRef = BF7AFFC91F8373BF000AA179 /* Icon-180.png */; };
		BF7AFFE81F8373D3000AA179 /* Icon-128.png in Resources */ = {isa = PBXBuildFile; fileRef = BF7AFFCA1F8373C1000AA179 /* Icon-128.png */; };
		BF7AFFE91F8373D3000AA179 /* Icon-40.png in Resources */ = {isa = PBXBuildFile; fileRef = BF7AFFCB1F8373C3000AA179 /* Icon-40.png */; };
		BF7AFFEA1F8373D3000AA179 /* Icon-512.png in Resources */ = {isa = PBXBuildFile; fileRef = BF7AFFCC1F8373C6000AA179 /* Icon-512.png */; };
		BF7AFFEB1F8373D3000AA179 /* Icon-167.png in Resources */ = {isa = PBXBuildFile; fileRef = BF7AFFCD1F8373C8000AA179 /* Icon-167.png */; };
		BF7AFFEC1F8373D3000AA179 /* Icon-172.png in Resources */ = {isa = PBXBuildFile; fileRef = BF7AFFCE1F8373CA000AA179 /* Icon-172.png */; };
		BF7AFFED1F8373D3000AA179 /* Icon-196.png in Resources */ = {isa = PBXBuildFile; fileRef = BF7AFFCF1F8373CC000AA179 /* Icon-196.png */; };
		BF7AFFEE1F8373D3000AA179 /* Icon-88.png in Resources */ = {isa = PBXBuildFile; fileRef = BF7AFFD01F8373CE000AA179 /* Icon-88.png */; };
		BF7AFFEF1F8373D3000AA179 /* Icon-29.png in Resources */ = {isa = PBXBuildFile; fileRef = BF7AFFD11F8373D0000AA179 /* Icon-29.png */; };
		BF85AE821F85EB8A005A62A6 /* logo_ls.png in Resources */ = {isa = PBXBuildFile; fileRef = BF85AE811F85EB8A005A62A6 /* logo_ls.png */; };
		BF85AE8C1F861521005A62A6 /* coin.wav in Resources */ = {isa = PBXBuildFile; fileRef = BF85AE8B1F861520005A62A6 /* coin.wav */; };
		BF85AE8F1F8616CD005A62A6 /* clear.mp3 in Resources */ = {isa = PBXBuildFile; fileRef = BF85AE8D1F8616CD005A62A6 /* clear.mp3 */; };
		BF85AE901F8616CD005A62A6 /* bgmusic.mp3 in Resources */ = {isa = PBXBuildFile; fileRef = BF85AE8E1F8616CD005A62A6 /* bgmusic.mp3 */; };
		BFAFD2401F80798A0099357A /* AppDelegate.swift in Sources */ = {isa = PBXBuildFile; fileRef = BFAFD23F1F80798A0099357A /* AppDelegate.swift */; };
		BFAFD2421F80798A0099357A /* ViewController.swift in Sources */ = {isa = PBXBuildFile; fileRef = BFAFD2411F80798A0099357A /* ViewController.swift */; };
		BFAFD2451F80798A0099357A /* Main.storyboard in Resources */ = {isa = PBXBuildFile; fileRef = BFAFD2431F80798A0099357A /* Main.storyboard */; };
		BFAFD2471F80798A0099357A /* Assets.xcassets in Resources */ = {isa = PBXBuildFile; fileRef = BFAFD2461F80798A0099357A /* Assets.xcassets */; };
		BFAFD24A1F80798A0099357A /* LaunchScreen.storyboard in Resources */ = {isa = PBXBuildFile; fileRef = BFAFD2481F80798A0099357A /* LaunchScreen.storyboard */; };
		BFAFD2611F807FD70099357A /* flower.png in Resources */ = {isa = PBXBuildFile; fileRef = BFAFD2521F807FD60099357A /* flower.png */; };
		BFAFD2621F807FD70099357A /* mushroom.png in Resources */ = {isa = PBXBuildFile; fileRef = BFAFD2531F807FD60099357A /* mushroom.png */; };
		BFAFD2641F807FD70099357A /* toad.png in Resources */ = {isa = PBXBuildFile; fileRef = BFAFD2551F807FD60099357A /* toad.png */; };
		BFAFD2651F807FD70099357A /* toadette.png in Resources */ = {isa = PBXBuildFile; fileRef = BFAFD2561F807FD60099357A /* toadette.png */; };
		BFAFD2661F807FD70099357A /* goomba.png in Resources */ = {isa = PBXBuildFile; fileRef = BFAFD2571F807FD60099357A /* goomba.png */; };
		BFAFD2671F807FD70099357A /* peach.png in Resources */ = {isa = PBXBuildFile; fileRef = BFAFD2581F807FD60099357A /* peach.png */; };
		BFAFD2681F807FD70099357A /* bomb.png in Resources */ = {isa = PBXBuildFile; fileRef = BFAFD2591F807FD60099357A /* bomb.png */; };
		BFAFD2691F807FD70099357A /* mario.png in Resources */ = {isa = PBXBuildFile; fileRef = BFAFD25A1F807FD60099357A /* mario.png */; };
		BFAFD26A1F807FD70099357A /* luigi.png in Resources */ = {isa = PBXBuildFile; fileRef = BFAFD25B1F807FD60099357A /* luigi.png */; };
		BFAFD26C1F807FD70099357A /* bg.png in Resources */ = {isa = PBXBuildFile; fileRef = BFAFD25D1F807FD60099357A /* bg.png */; };
		BFAFD26D1F807FD70099357A /* front_box.png in Resources */ = {isa = PBXBuildFile; fileRef = BFAFD25E1F807FD60099357A /* front_box.png */; };
		BFAFD26E1F807FD70099357A /* yoshi.png in Resources */ = {isa = PBXBuildFile; fileRef = BFAFD25F1F807FD60099357A /* yoshi.png */; };
		BFAFD26F1F807FD70099357A /* pow_reset.png in Resources */ = {isa = PBXBuildFile; fileRef = BFAFD2601F807FD60099357A /* pow_reset.png */; };
		BFF01EEA1F875111003A5FB3 /* bravo.png in Resources */ = {isa = PBXBuildFile; fileRef = BFF01EE81F87510E003A5FB3 /* bravo.png */; };
		BFF01EEB1F875111003A5FB3 /* super.png in Resources */ = {isa = PBXBuildFile; fileRef = BFF01EE91F87510F003A5FB3 /* super.png */; };
/* End PBXBuildFile section */

/* Begin PBXFileReference section */
		BF7AFFB41F837392000AA179 /* Icon-144.png */ = {isa = PBXFileReference; lastKnownFileType = image.png; path = "Icon-144.png"; sourceTree = "<group>"; };
		BF7AFFB51F837394000AA179 /* Icon-57.png */ = {isa = PBXFileReference; lastKnownFileType = image.png; path = "Icon-57.png"; sourceTree = "<group>"; };
		BF7AFFB61F837396000AA179 /* Icon-1024.png */ = {isa = PBXFileReference; lastKnownFileType = image.png; path = "Icon-1024.png"; sourceTree = "<group>"; };
		BF7AFFB71F837398000AA179 /* Icon-20.png */ = {isa = PBXFileReference; lastKnownFileType = image.png; path = "Icon-20.png"; sourceTree = "<group>"; };
		BF7AFFB81F83739A000AA179 /* Icon-80.png */ = {isa = PBXFileReference; lastKnownFileType = image.png; path = "Icon-80.png"; sourceTree = "<group>"; };
		BF7AFFB91F83739C000AA179 /* Icon-256.png */ = {isa = PBXFileReference; lastKnownFileType = image.png; path = "Icon-256.png"; sourceTree = "<group>"; };
		BF7AFFBA1F83739E000AA179 /* Icon-152.png */ = {isa = PBXFileReference; lastKnownFileType = image.png; path = "Icon-152.png"; sourceTree = "<group>"; };
		BF7AFFBB1F8373A1000AA179 /* Icon-87.png */ = {isa = PBXFileReference; lastKnownFileType = image.png; path = "Icon-87.png"; sourceTree = "<group>"; };
		BF7AFFBC1F8373A3000AA179 /* Icon-100.png */ = {isa = PBXFileReference; lastKnownFileType = image.png; path = "Icon-100.png"; sourceTree = "<group>"; };
		BF7AFFBD1F8373A5000AA179 /* Icon-120.png */ = {isa = PBXFileReference; lastKnownFileType = image.png; path = "Icon-120.png"; sourceTree = "<group>"; };
		BF7AFFBE1F8373A7000AA179 /* Icon-58.png */ = {isa = PBXFileReference; lastKnownFileType = image.png; path = "Icon-58.png"; sourceTree = "<group>"; };
		BF7AFFBF1F8373A9000AA179 /* Icon-48.png */ = {isa = PBXFileReference; lastKnownFileType = image.png; path = "Icon-48.png"; sourceTree = "<group>"; };
		BF7AFFC01F8373AB000AA179 /* Icon-64.png */ = {isa = PBXFileReference; lastKnownFileType = image.png; path = "Icon-64.png"; sourceTree = "<group>"; };
		BF7AFFC11F8373AE000AA179 /* Icon-32.png */ = {isa = PBXFileReference; lastKnownFileType = image.png; path = "Icon-32.png"; sourceTree = "<group>"; };
		BF7AFFC21F8373B0000AA179 /* Icon-60.png */ = {isa = PBXFileReference; lastKnownFileType = image.png; path = "Icon-60.png"; sourceTree = "<group>"; };
		BF7AFFC31F8373B2000AA179 /* Icon-72.png */ = {isa = PBXFileReference; lastKnownFileType = image.png; path = "Icon-72.png"; sourceTree = "<group>"; };
		BF7AFFC41F8373B4000AA179 /* Icon-76.png */ = {isa = PBXFileReference; lastKnownFileType = image.png; path = "Icon-76.png"; sourceTree = "<group>"; };
		BF7AFFC51F8373B6000AA179 /* Icon-50.png */ = {isa = PBXFileReference; lastKnownFileType = image.png; path = "Icon-50.png"; sourceTree = "<group>"; };
		BF7AFFC61F8373B8000AA179 /* Icon-55.png */ = {isa = PBXFileReference; lastKnownFileType = image.png; path = "Icon-55.png"; sourceTree = "<group>"; };
		BF7AFFC71F8373BA000AA179 /* Icon-16.png */ = {isa = PBXFileReference; lastKnownFileType = image.png; path = "Icon-16.png"; sourceTree = "<group>"; };
		BF7AFFC81F8373BC000AA179 /* Icon-114.png */ = {isa = PBXFileReference; lastKnownFileType = image.png; path = "Icon-114.png"; sourceTree = "<group>"; };
		BF7AFFC91F8373BF000AA179 /* Icon-180.png */ = {isa = PBXFileReference; lastKnownFileType = image.png; path = "Icon-180.png"; sourceTree = "<group>"; };
		BF7AFFCA1F8373C1000AA179 /* Icon-128.png */ = {isa = PBXFileReference; lastKnownFileType = image.png; path = "Icon-128.png"; sourceTree = "<group>"; };
		BF7AFFCB1F8373C3000AA179 /* Icon-40.png */ = {isa = PBXFileReference; lastKnownFileType = image.png; path = "Icon-40.png"; sourceTree = "<group>"; };
		BF7AFFCC1F8373C6000AA179 /* Icon-512.png */ = {isa = PBXFileReference; lastKnownFileType = image.png; path = "Icon-512.png"; sourceTree = "<group>"; };
		BF7AFFCD1F8373C8000AA179 /* Icon-167.png */ = {isa = PBXFileReference; lastKnownFileType = image.png; path = "Icon-167.png"; sourceTree = "<group>"; };
		BF7AFFCE1F8373CA000AA179 /* Icon-172.png */ = {isa = PBXFileReference; lastKnownFileType = image.png; path = "Icon-172.png"; sourceTree = "<group>"; };
		BF7AFFCF1F8373CC000AA179 /* Icon-196.png */ = {isa = PBXFileReference; lastKnownFileType = image.png; path = "Icon-196.png"; sourceTree = "<group>"; };
		BF7AFFD01F8373CE000AA179 /* Icon-88.png */ = {isa = PBXFileReference; lastKnownFileType = image.png; path = "Icon-88.png"; sourceTree = "<group>"; };
		BF7AFFD11F8373D0000AA179 /* Icon-29.png */ = {isa = PBXFileReference; lastKnownFileType = image.png; path = "Icon-29.png"; sourceTree = "<group>"; };
		BF85AE811F85EB8A005A62A6 /* logo_ls.png */ = {isa = PBXFileReference; lastKnownFileType = image.png; path = logo_ls.png; sourceTree = "<group>"; };
		BF85AE8B1F861520005A62A6 /* coin.wav */ = {isa = PBXFileReference; lastKnownFileType = audio.wav; path = coin.wav; sourceTree = "<group>"; };
		BF85AE8D1F8616CD005A62A6 /* clear.mp3 */ = {isa = PBXFileReference; lastKnownFileType = audio.mp3; path = clear.mp3; sourceTree = "<group>"; };
		BF85AE8E1F8616CD005A62A6 /* bgmusic.mp3 */ = {isa = PBXFileReference; lastKnownFileType = audio.mp3; path = bgmusic.mp3; sourceTree = "<group>"; };
		BFAFD23C1F80798A0099357A /* Super Me-Moi.app */ = {isa = PBXFileReference; explicitFileType = wrapper.application; includeInIndex = 0; path = "Super Me-Moi.app"; sourceTree = BUILT_PRODUCTS_DIR; };
		BFAFD23F1F80798A0099357A /* AppDelegate.swift */ = {isa = PBXFileReference; lastKnownFileType = sourcecode.swift; path = AppDelegate.swift; sourceTree = "<group>"; };
		BFAFD2411F80798A0099357A /* ViewController.swift */ = {isa = PBXFileReference; lastKnownFileType = sourcecode.swift; path = ViewController.swift; sourceTree = "<group>"; };
		BFAFD2441F80798A0099357A /* Base */ = {isa = PBXFileReference; lastKnownFileType = file.storyboard; name = Base; path = Base.lproj/Main.storyboard; sourceTree = "<group>"; };
		BFAFD2461F80798A0099357A /* Assets.xcassets */ = {isa = PBXFileReference; lastKnownFileType = folder.assetcatalog; path = Assets.xcassets; sourceTree = "<group>"; };
		BFAFD2491F80798A0099357A /* Base */ = {isa = PBXFileReference; lastKnownFileType = file.storyboard; name = Base; path = Base.lproj/LaunchScreen.storyboard; sourceTree = "<group>"; };
		BFAFD24B1F80798A0099357A /* Info.plist */ = {isa = PBXFileReference; lastKnownFileType = text.plist.xml; path = Info.plist; sourceTree = "<group>"; };
		BFAFD2521F807FD60099357A /* flower.png */ = {isa = PBXFileReference; lastKnownFileType = image.png; path = flower.png; sourceTree = "<group>"; };
		BFAFD2531F807FD60099357A /* mushroom.png */ = {isa = PBXFileReference; lastKnownFileType = image.png; path = mushroom.png; sourceTree = "<group>"; };
		BFAFD2551F807FD60099357A /* toad.png */ = {isa = PBXFileReference; lastKnownFileType = image.png; path = toad.png; sourceTree = "<group>"; };
		BFAFD2561F807FD60099357A /* toadette.png */ = {isa = PBXFileReference; lastKnownFileType = image.png; path = toadette.png; sourceTree = "<group>"; };
		BFAFD2571F807FD60099357A /* goomba.png */ = {isa = PBXFileReference; lastKnownFileType = image.png; path = goomba.png; sourceTree = "<group>"; };
		BFAFD2581F807FD60099357A /* peach.png */ = {isa = PBXFileReference; lastKnownFileType = image.png; path = peach.png; sourceTree = "<group>"; };
		BFAFD2591F807FD60099357A /* bomb.png */ = {isa = PBXFileReference; lastKnownFileType = image.png; path = bomb.png; sourceTree = "<group>"; };
		BFAFD25A1F807FD60099357A /* mario.png */ = {isa = PBXFileReference; lastKnownFileType = image.png; path = mario.png; sourceTree = "<group>"; };
		BFAFD25B1F807FD60099357A /* luigi.png */ = {isa = PBXFileReference; lastKnownFileType = image.png; path = luigi.png; sourceTree = "<group>"; };
		BFAFD25D1F807FD60099357A /* bg.png */ = {isa = PBXFileReference; lastKnownFileType = image.png; path = bg.png; sourceTree = "<group>"; };
		BFAFD25E1F807FD60099357A /* front_box.png */ = {isa = PBXFileReference; lastKnownFileType = image.png; path = front_box.png; sourceTree = "<group>"; };
		BFAFD25F1F807FD60099357A /* yoshi.png */ = {isa = PBXFileReference; lastKnownFileType = image.png; path = yoshi.png; sourceTree = "<group>"; };
		BFAFD2601F807FD60099357A /* pow_reset.png */ = {isa = PBXFileReference; lastKnownFileType = image.png; path = pow_reset.png; sourceTree = "<group>"; };
		BFF01EE81F87510E003A5FB3 /* bravo.png */ = {isa = PBXFileReference; lastKnownFileType = image.png; path = bravo.png; sourceTree = "<group>"; };
		BFF01EE91F87510F003A5FB3 /* super.png */ = {isa = PBXFileReference; lastKnownFileType = image.png; path = super.png; sourceTree = "<group>"; };
/* End PBXFileReference section */

/* Begin PBXFrameworksBuildPhase section */
		BFAFD2391F80798A0099357A /* Frameworks */ = {
			isa = PBXFrameworksBuildPhase;
			buildActionMask = 2147483647;
			files = (
			);
			runOnlyForDeploymentPostprocessing = 0;
		};
/* End PBXFrameworksBuildPhase section */

/* Begin PBXGroup section */
		BF7AFFB31F837231000AA179 /* Icons */ = {
			isa = PBXGroup;
			children = (
				BF7AFFC71F8373BA000AA179 /* Icon-16.png */,
				BF7AFFB71F837398000AA179 /* Icon-20.png */,
				BF7AFFD11F8373D0000AA179 /* Icon-29.png */,
				BF7AFFC11F8373AE000AA179 /* Icon-32.png */,
				BF7AFFCB1F8373C3000AA179 /* Icon-40.png */,
				BF7AFFBF1F8373A9000AA179 /* Icon-48.png */,
				BF7AFFC51F8373B6000AA179 /* Icon-50.png */,
				BF7AFFC61F8373B8000AA179 /* Icon-55.png */,
				BF7AFFB51F837394000AA179 /* Icon-57.png */,
				BF7AFFBE1F8373A7000AA179 /* Icon-58.png */,
				BF7AFFC21F8373B0000AA179 /* Icon-60.png */,
				BF7AFFC01F8373AB000AA179 /* Icon-64.png */,
				BF7AFFC31F8373B2000AA179 /* Icon-72.png */,
				BF7AFFC41F8373B4000AA179 /* Icon-76.png */,
				BF7AFFB81F83739A000AA179 /* Icon-80.png */,
				BF7AFFBB1F8373A1000AA179 /* Icon-87.png */,
				BF7AFFD01F8373CE000AA179 /* Icon-88.png */,
				BF7AFFBC1F8373A3000AA179 /* Icon-100.png */,
				BF7AFFC81F8373BC000AA179 /* Icon-114.png */,
				BF7AFFBD1F8373A5000AA179 /* Icon-120.png */,
				BF7AFFCA1F8373C1000AA179 /* Icon-128.png */,
				BF7AFFB41F837392000AA179 /* Icon-144.png */,
				BF7AFFBA1F83739E000AA179 /* Icon-152.png */,
				BF7AFFCD1F8373C8000AA179 /* Icon-167.png */,
				BF7AFFCE1F8373CA000AA179 /* Icon-172.png */,
				BF7AFFC91F8373BF000AA179 /* Icon-180.png */,
				BF7AFFCF1F8373CC000AA179 /* Icon-196.png */,
				BF7AFFB91F83739C000AA179 /* Icon-256.png */,
				BF7AFFCC1F8373C6000AA179 /* Icon-512.png */,
				BF7AFFB61F837396000AA179 /* Icon-1024.png */,
			);
			path = Icons;
			sourceTree = "<group>";
		};
		BF85AE871F85FF5F005A62A6 /* Music */ = {
			isa = PBXGroup;
			children = (
				BF85AE8E1F8616CD005A62A6 /* bgmusic.mp3 */,
				BF85AE8D1F8616CD005A62A6 /* clear.mp3 */,
				BF85AE8B1F861520005A62A6 /* coin.wav */,
			);
			path = Music;
			sourceTree = "<group>";
		};
		BFAFD2331F80798A0099357A = {
			isa = PBXGroup;
			children = (
				BFAFD23E1F80798A0099357A /* Super Me-Moi */,
				BFAFD23D1F80798A0099357A /* Products */,
			);
			sourceTree = "<group>";
		};
		BFAFD23D1F80798A0099357A /* Products */ = {
			isa = PBXGroup;
			children = (
				BFAFD23C1F80798A0099357A /* Super Me-Moi.app */,
			);
			name = Products;
			sourceTree = "<group>";
		};
		BFAFD23E1F80798A0099357A /* Super Me-Moi */ = {
			isa = PBXGroup;
			children = (
				BF85AE871F85FF5F005A62A6 /* Music */,
				BF7AFFB31F837231000AA179 /* Icons */,
				BFAFD2511F807A730099357A /* Images */,
				BFAFD23F1F80798A0099357A /* AppDelegate.swift */,
				BFAFD2411F80798A0099357A /* ViewController.swift */,
				BFAFD2431F80798A0099357A /* Main.storyboard */,
				BFAFD2461F80798A0099357A /* Assets.xcassets */,
				BFAFD2481F80798A0099357A /* LaunchScreen.storyboard */,
				BFAFD24B1F80798A0099357A /* Info.plist */,
			);
			path = "Super Me-Moi";
			sourceTree = "<group>";
		};
		BFAFD2511F807A730099357A /* Images */ = {
			isa = PBXGroup;
			children = (
				BFF01EE81F87510E003A5FB3 /* bravo.png */,
				BFF01EE91F87510F003A5FB3 /* super.png */,
				BF85AE811F85EB8A005A62A6 /* logo_ls.png */,
				BFAFD25D1F807FD60099357A /* bg.png */,
				BFAFD2591F807FD60099357A /* bomb.png */,
				BFAFD2521F807FD60099357A /* flower.png */,
				BFAFD25E1F807FD60099357A /* front_box.png */,
				BFAFD2571F807FD60099357A /* goomba.png */,
				BFAFD25B1F807FD60099357A /* luigi.png */,
				BFAFD25A1F807FD60099357A /* mario.png */,
				BFAFD2531F807FD60099357A /* mushroom.png */,
				BFAFD2581F807FD60099357A /* peach.png */,
				BFAFD2601F807FD60099357A /* pow_reset.png */,
				BFAFD2551F807FD60099357A /* toad.png */,
				BFAFD2561F807FD60099357A /* toadette.png */,
				BFAFD25F1F807FD60099357A /* yoshi.png */,
			);
			path = Images;
			sourceTree = "<group>";
		};
/* End PBXGroup section */

/* Begin PBXNativeTarget section */
		BFAFD23B1F80798A0099357A /* Super Me-Moi */ = {
			isa = PBXNativeTarget;
			buildConfigurationList = BFAFD24E1F80798A0099357A /* Build configuration list for PBXNativeTarget "Super Me-Moi" */;
			buildPhases = (
				BFAFD2381F80798A0099357A /* Sources */,
				BFAFD2391F80798A0099357A /* Frameworks */,
				BFAFD23A1F80798A0099357A /* Resources */,
			);
			buildRules = (
			);
			dependencies = (
			);
			name = "Super Me-Moi";
			productName = "Super Me-Moi";
			productReference = BFAFD23C1F80798A0099357A /* Super Me-Moi.app */;
			productType = "com.apple.product-type.application";
		};
/* End PBXNativeTarget section */

/* Begin PBXProject section */
		BFAFD2341F80798A0099357A /* Project object */ = {
			isa = PBXProject;
			attributes = {
				LastSwiftUpdateCheck = 0900;
				LastUpgradeCheck = 0900;
				ORGANIZATIONNAME = Nintendo;
				TargetAttributes = {
					BFAFD23B1F80798A0099357A = {
						CreatedOnToolsVersion = 9.0;
						ProvisioningStyle = Automatic;
					};
				};
			};
			buildConfigurationList = BFAFD2371F80798A0099357A /* Build configuration list for PBXProject "Super Me-Moi" */;
			compatibilityVersion = "Xcode 8.0";
			developmentRegion = en;
			hasScannedForEncodings = 0;
			knownRegions = (
				en,
				Base,
			);
			mainGroup = BFAFD2331F80798A0099357A;
			productRefGroup = BFAFD23D1F80798A0099357A /* Products */;
			projectDirPath = "";
			projectRoot = "";
			targets = (
				BFAFD23B1F80798A0099357A /* Super Me-Moi */,
			);
		};
/* End PBXProject section */

/* Begin PBXResourcesBuildPhase section */
		BFAFD23A1F80798A0099357A /* Resources */ = {
			isa = PBXResourcesBuildPhase;
			buildActionMask = 2147483647;
			files = (
				BF7AFFDB1F8373D3000AA179 /* Icon-120.png in Resources */,
				BF7AFFED1F8373D3000AA179 /* Icon-196.png in Resources */,
				BF7AFFD31F8373D3000AA179 /* Icon-57.png in Resources */,
				BF7AFFDE1F8373D3000AA179 /* Icon-64.png in Resources */,
				BFAFD26E1F807FD70099357A /* yoshi.png in Resources */,
				BFAFD26A1F807FD70099357A /* luigi.png in Resources */,
				BFAFD26D1F807FD70099357A /* front_box.png in Resources */,
				BF7AFFE41F8373D3000AA179 /* Icon-55.png in Resources */,
				BF7AFFEB1F8373D3000AA179 /* Icon-167.png in Resources */,
				BFAFD2691F807FD70099357A /* mario.png in Resources */,
				BF7AFFD91F8373D3000AA179 /* Icon-87.png in Resources */,
				BFAFD26F1F807FD70099357A /* pow_reset.png in Resources */,
				BF85AE8C1F861521005A62A6 /* coin.wav in Resources */,
				BF85AE8F1F8616CD005A62A6 /* clear.mp3 in Resources */,
				BFAFD2611F807FD70099357A /* flower.png in Resources */,
				BF85AE901F8616CD005A62A6 /* bgmusic.mp3 in Resources */,
				BFAFD2671F807FD70099357A /* peach.png in Resources */,
				BF7AFFD81F8373D3000AA179 /* Icon-152.png in Resources */,
				BF7AFFE51F8373D3000AA179 /* Icon-16.png in Resources */,
				BF7AFFD41F8373D3000AA179 /* Icon-1024.png in Resources */,
				BFAFD2661F807FD70099357A /* goomba.png in Resources */,
				BF7AFFD71F8373D3000AA179 /* Icon-256.png in Resources */,
				BFAFD26C1F807FD70099357A /* bg.png in Resources */,
				BF7AFFEA1F8373D3000AA179 /* Icon-512.png in Resources */,
				BF7AFFE81F8373D3000AA179 /* Icon-128.png in Resources */,
				BFAFD2651F807FD70099357A /* toadette.png in Resources */,
				BF7AFFE21F8373D3000AA179 /* Icon-76.png in Resources */,
				BFF01EEB1F875111003A5FB3 /* super.png in Resources */,
				BFAFD2621F807FD70099357A /* mushroom.png in Resources */,
				BF7AFFD21F8373D3000AA179 /* Icon-144.png in Resources */,
				BF7AFFD51F8373D3000AA179 /* Icon-20.png in Resources */,
				BF85AE821F85EB8A005A62A6 /* logo_ls.png in Resources */,
				BF7AFFD61F8373D3000AA179 /* Icon-80.png in Resources */,
				BF7AFFDC1F8373D3000AA179 /* Icon-58.png in Resources */,
				BFAFD24A1F80798A0099357A /* LaunchScreen.storyboard in Resources */,
				BFAFD2471F80798A0099357A /* Assets.xcassets in Resources */,
				BF7AFFE61F8373D3000AA179 /* Icon-114.png in Resources */,
				BF7AFFDF1F8373D3000AA179 /* Icon-32.png in Resources */,
				BF7AFFE01F8373D3000AA179 /* Icon-60.png in Resources */,
				BFAFD2641F807FD70099357A /* toad.png in Resources */,
				BF7AFFE31F8373D3000AA179 /* Icon-50.png in Resources */,
				BFAFD2451F80798A0099357A /* Main.storyboard in Resources */,
				BF7AFFDD1F8373D3000AA179 /* Icon-48.png in Resources */,
				BF7AFFE11F8373D3000AA179 /* Icon-72.png in Resources */,
				BF7AFFE91F8373D3000AA179 /* Icon-40.png in Resources */,
				BF7AFFDA1F8373D3000AA179 /* Icon-100.png in Resources */,
				BF7AFFE71F8373D3000AA179 /* Icon-180.png in Resources */,
				BF7AFFEC1F8373D3000AA179 /* Icon-172.png in Resources */,
				BFAFD2681F807FD70099357A /* bomb.png in Resources */,
				BF7AFFEE1F8373D3000AA179 /* Icon-88.png in Resources */,
				BF7AFFEF1F8373D3000AA179 /* Icon-29.png in Resources */,
				BFF01EEA1F875111003A5FB3 /* bravo.png in Resources */,
			);
			runOnlyForDeploymentPostprocessing = 0;
		};
/* End PBXResourcesBuildPhase section */

/* Begin PBXSourcesBuildPhase section */
		BFAFD2381F80798A0099357A /* Sources */ = {
			isa = PBXSourcesBuildPhase;
			buildActionMask = 2147483647;
			files = (
				BFAFD2421F80798A0099357A /* ViewController.swift in Sources */,
				BFAFD2401F80798A0099357A /* AppDelegate.swift in Sources */,
			);
			runOnlyForDeploymentPostprocessing = 0;
		};
/* End PBXSourcesBuildPhase section */

/* Begin PBXVariantGroup section */
		BFAFD2431F80798A0099357A /* Main.storyboard */ = {
			isa = PBXVariantGroup;
			children = (
				BFAFD2441F80798A0099357A /* Base */,
			);
			name = Main.storyboard;
			sourceTree = "<group>";
		};
		BFAFD2481F80798A0099357A /* LaunchScreen.storyboard */ = {
			isa = PBXVariantGroup;
			children = (
				BFAFD2491F80798A0099357A /* Base */,
			);
			name = LaunchScreen.storyboard;
			sourceTree = "<group>";
		};
/* End PBXVariantGroup section */

/* Begin XCBuildConfiguration section */
		BFAFD24C1F80798A0099357A /* Debug */ = {
			isa = XCBuildConfiguration;
			buildSettings = {
				ALWAYS_SEARCH_USER_PATHS = NO;
				CLANG_ANALYZER_NONNULL = YES;
				CLANG_ANALYZER_NUMBER_OBJECT_CONVERSION = YES_AGGRESSIVE;
				CLANG_CXX_LANGUAGE_STANDARD = "gnu++14";
				CLANG_CXX_LIBRARY = "libc++";
				CLANG_ENABLE_MODULES = YES;
				CLANG_ENABLE_OBJC_ARC = YES;
				CLANG_WARN_BLOCK_CAPTURE_AUTORELEASING = YES;
				CLANG_WARN_BOOL_CONVERSION = YES;
				CLANG_WARN_COMMA = YES;
				CLANG_WARN_CONSTANT_CONVERSION = YES;
				CLANG_WARN_DIRECT_OBJC_ISA_USAGE = YES_ERROR;
				CLANG_WARN_DOCUMENTATION_COMMENTS = YES;
				CLANG_WARN_EMPTY_BODY = YES;
				CLANG_WARN_ENUM_CONVERSION = YES;
				CLANG_WARN_INFINITE_RECURSION = YES;
				CLANG_WARN_INT_CONVERSION = YES;
				CLANG_WARN_NON_LITERAL_NULL_CONVERSION = YES;
				CLANG_WARN_OBJC_LITERAL_CONVERSION = YES;
				CLANG_WARN_OBJC_ROOT_CLASS = YES_ERROR;
				CLANG_WARN_RANGE_LOOP_ANALYSIS = YES;
				CLANG_WARN_STRICT_PROTOTYPES = YES;
				CLANG_WARN_SUSPICIOUS_MOVE = YES;
				CLANG_WARN_UNGUARDED_AVAILABILITY = YES_AGGRESSIVE;
				CLANG_WARN_UNREACHABLE_CODE = YES;
				CLANG_WARN__DUPLICATE_METHOD_MATCH = YES;
				CODE_SIGN_IDENTITY = "iPhone Developer";
				COPY_PHASE_STRIP = NO;
				DEBUG_INFORMATION_FORMAT = dwarf;
				ENABLE_STRICT_OBJC_MSGSEND = YES;
				ENABLE_TESTABILITY = YES;
				GCC_C_LANGUAGE_STANDARD = gnu11;
				GCC_DYNAMIC_NO_PIC = NO;
				GCC_NO_COMMON_BLOCKS = YES;
				GCC_OPTIMIZATION_LEVEL = 0;
				GCC_PREPROCESSOR_DEFINITIONS = (
					"DEBUG=1",
					"$(inherited)",
				);
				GCC_WARN_64_TO_32_BIT_CONVERSION = YES;
				GCC_WARN_ABOUT_RETURN_TYPE = YES_ERROR;
				GCC_WARN_UNDECLARED_SELECTOR = YES;
				GCC_WARN_UNINITIALIZED_AUTOS = YES_AGGRESSIVE;
				GCC_WARN_UNUSED_FUNCTION = YES;
				GCC_WARN_UNUSED_VARIABLE = YES;
				IPHONEOS_DEPLOYMENT_TARGET = 11.0;
				MTL_ENABLE_DEBUG_INFO = YES;
				ONLY_ACTIVE_ARCH = YES;
				SDKROOT = iphoneos;
				SWIFT_ACTIVE_COMPILATION_CONDITIONS = DEBUG;
				SWIFT_OPTIMIZATION_LEVEL = "-Onone";
			};
			name = Debug;
		};
		BFAFD24D1F80798A0099357A /* Release */ = {
			isa = XCBuildConfiguration;
			buildSettings = {
				ALWAYS_SEARCH_USER_PATHS = NO;
				CLANG_ANALYZER_NONNULL = YES;
				CLANG_ANALYZER_NUMBER_OBJECT_CONVERSION = YES_AGGRESSIVE;
				CLANG_CXX_LANGUAGE_STANDARD = "gnu++14";
				CLANG_CXX_LIBRARY = "libc++";
				CLANG_ENABLE_MODULES = YES;
				CLANG_ENABLE_OBJC_ARC = YES;
				CLANG_WARN_BLOCK_CAPTURE_AUTORELEASING = YES;
				CLANG_WARN_BOOL_CONVERSION = YES;
				CLANG_WARN_COMMA = YES;
				CLANG_WARN_CONSTANT_CONVERSION = YES;
				CLANG_WARN_DIRECT_OBJC_ISA_USAGE = YES_ERROR;
				CLANG_WARN_DOCUMENTATION_COMMENTS = YES;
				CLANG_WARN_EMPTY_BODY = YES;
				CLANG_WARN_ENUM_CONVERSION = YES;
				CLANG_WARN_INFINITE_RECURSION = YES;
				CLANG_WARN_INT_CONVERSION = YES;
				CLANG_WARN_NON_LITERAL_NULL_CONVERSION = YES;
				CLANG_WARN_OBJC_LITERAL_CONVERSION = YES;
				CLANG_WARN_OBJC_ROOT_CLASS = YES_ERROR;
				CLANG_WARN_RANGE_LOOP_ANALYSIS = YES;
				CLANG_WARN_STRICT_PROTOTYPES = YES;
				CLANG_WARN_SUSPICIOUS_MOVE = YES;
				CLANG_WARN_UNGUARDED_AVAILABILITY = YES_AGGRESSIVE;
				CLANG_WARN_UNREACHABLE_CODE = YES;
				CLANG_WARN__DUPLICATE_METHOD_MATCH = YES;
				CODE_SIGN_IDENTITY = "iPhone Developer";
				COPY_PHASE_STRIP = NO;
				DEBUG_INFORMATION_FORMAT = "dwarf-with-dsym";
				ENABLE_NS_ASSERTIONS = NO;
				ENABLE_STRICT_OBJC_MSGSEND = YES;
				GCC_C_LANGUAGE_STANDARD = gnu11;
				GCC_NO_COMMON_BLOCKS = YES;
				GCC_WARN_64_TO_32_BIT_CONVERSION = YES;
				GCC_WARN_ABOUT_RETURN_TYPE = YES_ERROR;
				GCC_WARN_UNDECLARED_SELECTOR = YES;
				GCC_WARN_UNINITIALIZED_AUTOS = YES_AGGRESSIVE;
				GCC_WARN_UNUSED_FUNCTION = YES;
				GCC_WARN_UNUSED_VARIABLE = YES;
				IPHONEOS_DEPLOYMENT_TARGET = 11.0;
				MTL_ENABLE_DEBUG_INFO = NO;
				SDKROOT = iphoneos;
				SWIFT_OPTIMIZATION_LEVEL = "-Owholemodule";
				VALIDATE_PRODUCT = YES;
			};
			name = Release;
		};
		BFAFD24F1F80798A0099357A /* Debug */ = {
			isa = XCBuildConfiguration;
			buildSettings = {
				ASSETCATALOG_COMPILER_APPICON_NAME = AppIcon;
				CODE_SIGN_STYLE = Automatic;
				INFOPLIST_FILE = "Super Me-Moi/Info.plist";
				LD_RUNPATH_SEARCH_PATHS = "$(inherited) @executable_path/Frameworks";
				PRODUCT_BUNDLE_IDENTIFIER = "com.gomes.Super-Me-Moi";
				PRODUCT_NAME = "$(TARGET_NAME)";
				SWIFT_VERSION = 4.0;
				TARGETED_DEVICE_FAMILY = 2;
			};
			name = Debug;
		};
		BFAFD2501F80798A0099357A /* Release */ = {
			isa = XCBuildConfiguration;
			buildSettings = {
				ASSETCATALOG_COMPILER_APPICON_NAME = AppIcon;
				CODE_SIGN_STYLE = Automatic;
				INFOPLIST_FILE = "Super Me-Moi/Info.plist";
				LD_RUNPATH_SEARCH_PATHS = "$(inherited) @executable_path/Frameworks";
				PRODUCT_BUNDLE_IDENTIFIER = "com.gomes.Super-Me-Moi";
				PRODUCT_NAME = "$(TARGET_NAME)";
				SWIFT_VERSION = 4.0;
				TARGETED_DEVICE_FAMILY = 2;
			};
			name = Release;
		};
/* End XCBuildConfiguration section */

/* Begin XCConfigurationList section */
		BFAFD2371F80798A0099357A /* Build configuration list for PBXProject "Super Me-Moi" */ = {
			isa = XCConfigurationList;
			buildConfigurations = (
				BFAFD24C1F80798A0099357A /* Debug */,
				BFAFD24D1F80798A0099357A /* Release */,
			);
			defaultConfigurationIsVisible = 0;
			defaultConfigurationName = Release;
		};
		BFAFD24E1F80798A0099357A /* Build configuration list for PBXNativeTarget "Super Me-Moi" */ = {
			isa = XCConfigurationList;
			buildConfigurations = (
				BFAFD24F1F80798A0099357A /* Debug */,
				BFAFD2501F80798A0099357A /* Release */,
			);
			defaultConfigurationIsVisible = 0;
			defaultConfigurationName = Release;
		};
/* End XCConfigurationList section */
	};
	rootObject = BFAFD2341F80798A0099357A /* Project object */;
}
